// !$*UTF8*$!
{
	archiveVersion = 1;
	classes = {
	};
	objectVersion = 46;
	objects = {

/* Begin PBXBuildFile section */
		5C6773931DDD8EC90039B222 /* AppDelegate.swift in Sources */ = {isa = PBXBuildFile; fileRef = 5C6773921DDD8EC90039B222 /* AppDelegate.swift */; };
		5C6773951DDD8EC90039B222 /* ViewController.swift in Sources */ = {isa = PBXBuildFile; fileRef = 5C6773941DDD8EC90039B222 /* ViewController.swift */; };
		5C6773981DDD8EC90039B222 /* Main.storyboard in Resources */ = {isa = PBXBuildFile; fileRef = 5C6773961DDD8EC90039B222 /* Main.storyboard */; };
		5C67739A1DDD8EC90039B222 /* Assets.xcassets in Resources */ = {isa = PBXBuildFile; fileRef = 5C6773991DDD8EC90039B222 /* Assets.xcassets */; };
		5C67739D1DDD8EC90039B222 /* LaunchScreen.storyboard in Resources */ = {isa = PBXBuildFile; fileRef = 5C67739B1DDD8EC90039B222 /* LaunchScreen.storyboard */; };
/* End PBXBuildFile section */

/* Begin PBXFileReference section */
		5C67738F1DDD8EC90039B222 /* JYTableViewCellHeight.app */ = {isa = PBXFileReference; explicitFileType = wrapper.application; includeInIndex = 0; path = JYTableViewCellHeight.app; sourceTree = BUILT_PRODUCTS_DIR; };
		5C6773921DDD8EC90039B222 /* AppDelegate.swift */ = {isa = PBXFileReference; lastKnownFileType = sourcecode.swift; path = AppDelegate.swift; sourceTree = "<group>"; };
		5C6773941DDD8EC90039B222 /* ViewController.swift */ = {isa = PBXFileReference; lastKnownFileType = sourcecode.swift; path = ViewController.swift; sourceTree = "<group>"; };
		5C6773971DDD8EC90039B222 /* Base */ = {isa = PBXFileReference; lastKnownFileType = file.storyboard; name = Base; path = Base.lproj/Main.storyboard; sourceTree = "<group>"; };
		5C6773991DDD8EC90039B222 /* Assets.xcassets */ = {isa = PBXFileReference; lastKnownFileType = folder.assetcatalog; path = Assets.xcassets; sourceTree = "<group>"; };
		5C67739C1DDD8EC90039B222 /* Base */ = {isa = PBXFileReference; lastKnownFileType = file.storyboard; name = Base; path = Base.lproj/LaunchScreen.storyboard; sourceTree = "<group>"; };
		5C67739E1DDD8EC90039B222 /* Info.plist */ = {isa = PBXFileReference; lastKnownFileType = text.plist.xml; path = Info.plist; sourceTree = "<group>"; };
/* End PBXFileReference section */

/* Begin PBXFrameworksBuildPhase section */
		5C67738C1DDD8EC90039B222 /* Frameworks */ = {
			isa = PBXFrameworksBuildPhase;
			buildActionMask = 2147483647;
			files = (
			);
			runOnlyForDeploymentPostprocessing = 0;
		};
/* End PBXFrameworksBuildPhase section */

/* Begin PBXGroup section */
		5C6773861DDD8EC80039B222 = {
			isa = PBXGroup;
			children = (
				5C6773911DDD8EC90039B222 /* JYTableViewCellHeight */,
				5C6773901DDD8EC90039B222 /* Products */,
			);
			sourceTree = "<group>";
		};
		5C6773901DDD8EC90039B222 /* Products */ = {
			isa = PBXGroup;
			children = (
				5C67738F1DDD8EC90039B222 /* JYTableViewCellHeight.app */,
			);
			name = Products;
			sourceTree = "<group>";
		};
		5C6773911DDD8EC90039B222 /* JYTableViewCellHeight */ = {
			isa = PBXGroup;
			children = (
				5C6773921DDD8EC90039B222 /* AppDelegate.swift */,
				5C6773941DDD8EC90039B222 /* ViewController.swift */,
				5C6773961DDD8EC90039B222 /* Main.storyboard */,
				5C6773991DDD8EC90039B222 /* Assets.xcassets */,
				5C67739B1DDD8EC90039B222 /* LaunchScreen.storyboard */,
				5C67739E1DDD8EC90039B222 /* Info.plist */,
			);
			path = JYTableViewCellHeight;
			sourceTree = "<group>";
		};
/* End PBXGroup section */

/* Begin PBXNativeTarget section */
		5C67738E1DDD8EC90039B222 /* JYTableViewCellHeight */ = {
			isa = PBXNativeTarget;
			buildConfigurationList = 5C6773A11DDD8EC90039B222 /* Build configuration list for PBXNativeTarget "JYTableViewCellHeight" */;
			buildPhases = (
				5C67738B1DDD8EC90039B222 /* Sources */,
				5C67738C1DDD8EC90039B222 /* Frameworks */,
				5C67738D1DDD8EC90039B222 /* Resources */,
			);
			buildRules = (
			);
			dependencies = (
			);
			name = JYTableViewCellHeight;
			productName = JYTableViewCellHeight;
			productReference = 5C67738F1DDD8EC90039B222 /* JYTableViewCellHeight.app */;
			productType = "com.apple.product-type.application";
		};
/* End PBXNativeTarget section */

/* Begin PBXProject section */
		5C6773871DDD8EC80039B222 /* Project object */ = {
			isa = PBXProject;
			attributes = {
				LastSwiftUpdateCheck = 0820;
				LastUpgradeCheck = 0820;
				ORGANIZATIONNAME = atom;
				TargetAttributes = {
					5C67738E1DDD8EC90039B222 = {
						CreatedOnToolsVersion = 8.2;
						DevelopmentTeam = JE8CSGTB5D;
						ProvisioningStyle = Automatic;
					};
				};
			};
			buildConfigurationList = 5C67738A1DDD8EC80039B222 /* Build configuration list for PBXProject "JYTableViewCellHeight" */;
			compatibilityVersion = "Xcode 3.2";
			developmentRegion = English;
			hasScannedForEncodings = 0;
			knownRegions = (
				en,
				Base,
			);
			mainGroup = 5C6773861DDD8EC80039B222;
			productRefGroup = 5C6773901DDD8EC90039B222 /* Products */;
			projectDirPath = "";
			projectRoot = "";
			targets = (
				5C67738E1DDD8EC90039B222 /* JYTableViewCellHeight */,
			);
		};
/* End PBXProject section */

/* Begin PBXResourcesBuildPhase section */
		5C67738D1DDD8EC90039B222 /* Resources */ = {
			isa = PBXResourcesBuildPhase;
			buildActionMask = 2147483647;
			files = (
				5C67739D1DDD8EC90039B222 /* LaunchScreen.storyboard in Resources */,
				5C67739A1DDD8EC90039B222 /* Assets.xcassets in Resources */,
				5C6773981DDD8EC90039B222 /* Main.storyboard in Resources */,
			);
			runOnlyForDeploymentPostprocessing = 0;
		};
/* End PBXResourcesBuildPhase section */

/* Begin PBXSourcesBuildPhase section */
		5C67738B1DDD8EC90039B222 /* Sources */ = {
			isa = PBXSourcesBuildPhase;
			buildActionMask = 2147483647;
			files = (
				5C6773951DDD8EC90039B222 /* ViewController.swift in Sources */,
				5C6773931DDD8EC90039B222 /* AppDelegate.swift in Sources */,
			);
			runOnlyForDeploymentPostprocessing = 0;
		};
/* End PBXSourcesBuildPhase section */

/* Begin PBXVariantGroup section */
		5C6773961DDD8EC90039B222 /* Main.storyboard */ = {
			isa = PBXVariantGroup;
			children = (
				5C6773971DDD8EC90039B222 /* Base */,
			);
			name = Main.storyboard;
			sourceTree = "<group>";
		};
		5C67739B1DDD8EC90039B222 /* LaunchScreen.storyboard */ = {
			isa = PBXVariantGroup;
			children = (
				5C67739C1DDD8EC90039B222 /* Base */,
			);
			name = LaunchScreen.storyboard;
			sourceTree = "<group>";
		};
/* End PBXVariantGroup section */

/* Begin XCBuildConfiguration section */
		5C67739F1DDD8EC90039B222 /* Debug */ = {
			isa = XCBuildConfiguration;
			buildSettings = {
				ALWAYS_SEARCH_USER_PATHS = NO;
				CLANG_ANALYZER_NONNULL = YES;
				CLANG_CXX_LANGUAGE_STANDARD = "gnu++0x";
				CLANG_CXX_LIBRARY = "libc++";
				CLANG_ENABLE_MODULES = YES;
				CLANG_ENABLE_OBJC_ARC = YES;
				CLANG_WARN_BOOL_CONVERSION = YES;
				CLANG_WARN_CONSTANT_CONVERSION = YES;
				CLANG_WARN_DIRECT_OBJC_ISA_USAGE = YES_ERROR;
				CLANG_WARN_DOCUMENTATION_COMMENTS = YES;
				CLANG_WARN_EMPTY_BODY = YES;
				CLANG_WARN_ENUM_CONVERSION = YES;
				CLANG_WARN_INFINITE_RECURSION = YES;
				CLANG_WARN_INT_CONVERSION = YES;
				CLANG_WARN_OBJC_ROOT_CLASS = YES_ERROR;
				CLANG_WARN_SUSPICIOUS_MOVE = YES;
				CLANG_WARN_UNREACHABLE_CODE = YES;
				CLANG_WARN__DUPLICATE_METHOD_MATCH = YES;
				"CODE_SIGN_IDENTITY[sdk=iphoneos*]" = "iPhone Developer";
				COPY_PHASE_STRIP = NO;
				DEBUG_INFORMATION_FORMAT = dwarf;
				ENABLE_STRICT_OBJC_MSGSEND = YES;
				ENABLE_TESTABILITY = YES;
				GCC_C_LANGUAGE_STANDARD = gnu99;
				GCC_DYNAMIC_NO_PIC = NO;
				GCC_NO_COMMON_BLOCKS = YES;
				GCC_OPTIMIZATION_LEVEL = 0;
				GCC_PREPROCESSOR_DEFINITIONS = (
					"DEBUG=1",
					"$(inherited)",
				);
				GCC_WARN_64_TO_32_BIT_CONVERSION = YES;
				GCC_WARN_ABOUT_RETURN_TYPE = YES_ERROR;
				GCC_WARN_UNDECLARED_SELECTOR = YES;
				GCC_WARN_UNINITIALIZED_AUTOS = YES_AGGRESSIVE;
				GCC_WARN_UNUSED_FUNCTION = YES;
				GCC_WARN_UNUSED_VARIABLE = YES;
				IPHONEOS_DEPLOYMENT_TARGET = 10.2;
				MTL_ENABLE_DEBUG_INFO = YES;
				ONLY_ACTIVE_ARCH = YES;
				SDKROOT = iphoneos;
				SWIFT_ACTIVE_COMPILATION_CONDITIONS = DEBUG;
				SWIFT_OPTIMIZATION_LEVEL = "-Onone";
			};
			name = Debug;
		};
		5C6773A01DDD8EC90039B222 /* Release */ = {
			isa = XCBuildConfiguration;
			buildSettings = {
				ALWAYS_SEARCH_USER_PATHS = NO;
				CLANG_ANALYZER_NONNULL = YES;
				CLANG_CXX_LANGUAGE_STANDARD = "gnu++0x";
				CLANG_CXX_LIBRARY = "libc++";
				CLANG_ENABLE_MODULES = YES;
				CLANG_ENABLE_OBJC_ARC = YES;
				CLANG_WARN_BOOL_CONVERSION = YES;
				CLANG_WARN_CONSTANT_CONVERSION = YES;
				CLANG_WARN_DIRECT_OBJC_ISA_USAGE = YES_ERROR;
				CLANG_WARN_DOCUMENTATION_COMMENTS = YES;
				CLANG_WARN_EMPTY_BODY = YES;
				CLANG_WARN_ENUM_CONVERSION = YES;
				CLANG_WARN_INFINITE_RECURSION = YES;
				CLANG_WARN_INT_CONVERSION = YES;
				CLANG_WARN_OBJC_ROOT_CLASS = YES_ERROR;
				CLANG_WARN_SUSPICIOUS_MOVE = YES;
				CLANG_WARN_UNREACHABLE_CODE = YES;
				CLANG_WARN__DUPLICATE_METHOD_MATCH = YES;
				"CODE_SIGN_IDENTITY[sdk=iphoneos*]" = "iPhone Developer";
				COPY_PHASE_STRIP = NO;
				DEBUG_INFORMATION_FORMAT = "dwarf-with-dsym";
				ENABLE_NS_ASSERTIONS = NO;
				ENABLE_STRICT_OBJC_MSGSEND = YES;
				GCC_C_LANGUAGE_STANDARD = gnu99;
				GCC_NO_COMMON_BLOCKS = YES;
				GCC_WARN_64_TO_32_BIT_CONVERSION = YES;
				GCC_WARN_ABOUT_RETURN_TYPE = YES_ERROR;
				GCC_WARN_UNDECLARED_SELECTOR = YES;
				GCC_WARN_UNINITIALIZED_AUTOS = YES_AGGRESSIVE;
				GCC_WARN_UNUSED_FUNCTION = YES;
				GCC_WARN_UNUSED_VARIABLE = YES;
				IPHONEOS_DEPLOYMENT_TARGET = 10.2;
				MTL_ENABLE_DEBUG_INFO = NO;
				SDKROOT = iphoneos;
				SWIFT_OPTIMIZATION_LEVEL = "-Owholemodule";
				VALIDATE_PRODUCT = YES;
			};
			name = Release;
		};
		5C6773A21DDD8EC90039B222 /* Debug */ = {
			isa = XCBuildConfiguration;
			buildSettings = {
				ASSETCATALOG_COMPILER_APPICON_NAME = AppIcon;
				DEVELOPMENT_TEAM = JE8CSGTB5D;
				INFOPLIST_FILE = JYTableViewCellHeight/Info.plist;
				LD_RUNPATH_SEARCH_PATHS = "$(inherited) @executable_path/Frameworks";
				PRODUCT_BUNDLE_IDENTIFIER = pw.code4swift.JYTableViewCellHeight;
				PRODUCT_NAME = "$(TARGET_NAME)";
				SWIFT_VERSION = 3.0;
			};
			name = Debug;
		};
		5C6773A31DDD8EC90039B222 /* Release */ = {
			isa = XCBuildConfiguration;
			buildSettings = {
				ASSETCATALOG_COMPILER_APPICON_NAME = AppIcon;
				DEVELOPMENT_TEAM = JE8CSGTB5D;
				INFOPLIST_FILE = JYTableViewCellHeight/Info.plist;
				LD_RUNPATH_SEARCH_PATHS = "$(inherited) @executable_path/Frameworks";
				PRODUCT_BUNDLE_IDENTIFIER = pw.code4swift.JYTableViewCellHeight;
				PRODUCT_NAME = "$(TARGET_NAME)";
				SWIFT_VERSION = 3.0;
			};
			name = Release;
		};
/* End XCBuildConfiguration section */

/* Begin XCConfigurationList section */
		5C67738A1DDD8EC80039B222 /* Build configuration list for PBXProject "JYTableViewCellHeight" */ = {
			isa = XCConfigurationList;
			buildConfigurations = (
				5C67739F1DDD8EC90039B222 /* Debug */,
				5C6773A01DDD8EC90039B222 /* Release */,
			);
			defaultConfigurationIsVisible = 0;
			defaultConfigurationName = Release;
		};
		5C6773A11DDD8EC90039B222 /* Build configuration list for PBXNativeTarget "JYTableViewCellHeight" */ = {
			isa = XCConfigurationList;
			buildConfigurations = (
				5C6773A21DDD8EC90039B222 /* Debug */,
				5C6773A31DDD8EC90039B222 /* Release */,
			);
			defaultConfigurationIsVisible = 0;
		};
/* End XCConfigurationList section */
	};
	rootObject = 5C6773871DDD8EC80039B222 /* Project object */;
}
